
Microsoft Visual Studio Solution File, Format Version 12.00
# Visual Studio Version 16
VisualStudioVersion = 16.0.29709.97
MinimumVisualStudioVersion = 10.0.40219.1
Project("{FAE04EC0-301F-11D3-BF4B-00C04F79EFBC}") = "KonaAnalyzer.Android", "KonaAnalyzer.Android\KonaAnalyzer.Android.csproj", "{0EFBAA5E-0D64-4E96-9577-B0FE67763F56}"
EndProject
Project("{FAE04EC0-301F-11D3-BF4B-00C04F79EFBC}") = "KonaAnalyzer", "KonaAnalyzer\KonaAnalyzer.csproj", "{6B63021F-82A7-41C2-AAA4-68798B04DB0A}"
EndProject
Global
	GlobalSection(SolutionConfigurationPlatforms) = preSolution
		Debug|Any CPU = Debug|Any CPU
		Debug|iPhone = Debug|iPhone
		Debug|iPhoneSimulator = Debug|iPhoneSimulator
		Release|Any CPU = Release|Any CPU
		Release|iPhone = Release|iPhone
		Release|iPhoneSimulator = Release|iPhoneSimulator
	EndGlobalSection
	GlobalSection(ProjectConfigurationPlatforms) = postSolution
		{0EFBAA5E-0D64-4E96-9577-B0FE67763F56}.Debug|Any CPU.ActiveCfg = Debug|Any CPU
		{0EFBAA5E-0D64-4E96-9577-B0FE67763F56}.Debug|Any CPU.Build.0 = Debug|Any CPU
		{0EFBAA5E-0D64-4E96-9577-B0FE67763F56}.Debug|Any CPU.Deploy.0 = Debug|Any CPU
		{0EFBAA5E-0D64-4E96-9577-B0FE67763F56}.Debug|iPhone.ActiveCfg = Debug|Any CPU
		{0EFBAA5E-0D64-4E96-9577-B0FE67763F56}.Debug|iPhone.Build.0 = Debug|Any CPU
		{0EFBAA5E-0D64-4E96-9577-B0FE67763F56}.Debug|iPhone.Deploy.0 = Debug|Any CPU
		{0EFBAA5E-0D64-4E96-9577-B0FE67763F56}.Debug|iPhoneSimulator.ActiveCfg = Debug|Any CPU
		{0EFBAA5E-0D64-4E96-9577-B0FE67763F56}.Debug|iPhoneSimulator.Build.0 = Debug|Any CPU
		{0EFBAA5E-0D64-4E96-9577-B0FE67763F56}.Debug|iPhoneSimulator.Deploy.0 = Debug|Any CPU
		{0EFBAA5E-0D64-4E96-9577-B0FE67763F56}.Release|Any CPU.ActiveCfg = Release|Any CPU
		{0EFBAA5E-0D64-4E96-9577-B0FE67763F56}.Release|Any CPU.Build.0 = Release|Any CPU
		{0EFBAA5E-0D64-4E96-9577-B0FE67763F56}.Release|Any CPU.Deploy.0 = Release|Any CPU
		{0EFBAA5E-0D64-4E96-9577-B0FE67763F56}.Release|iPhone.ActiveCfg = Release|Any CPU
		{0EFBAA5E-0D64-4E96-9577-B0FE67763F56}.Release|iPhone.Build.0 = Release|Any CPU
		{0EFBAA5E-0D64-4E96-9577-B0FE67763F56}.Release|iPhone.Deploy.0 = Release|Any CPU
		{0EFBAA5E-0D64-4E96-9577-B0FE67763F56}.Release|iPhoneSimulator.ActiveCfg = Release|Any CPU
		{0EFBAA5E-0D64-4E96-9577-B0FE67763F56}.Release|iPhoneSimulator.Build.0 = Release|Any CPU
		{0EFBAA5E-0D64-4E96-9577-B0FE67763F56}.Release|iPhoneSimulator.Deploy.0 = Release|Any CPU
		{EC2036C1-7887-4C1B-8BB4-385C65AC3D4C}.Debug|Any CPU.ActiveCfg = Debug|iPhoneSimulator
		{EC2036C1-7887-4C1B-8BB4-385C65AC3D4C}.Debug|Any CPU.Build.0 = Debug|iPhoneSimulator
		{EC2036C1-7887-4C1B-8BB4-385C65AC3D4C}.Debug|Any CPU.Deploy.0 = Debug|iPhoneSimulator
		{EC2036C1-7887-4C1B-8BB4-385C65AC3D4C}.Debug|iPhone.ActiveCfg = Debug|iPhone
		{EC2036C1-7887-4C1B-8BB4-385C65AC3D4C}.Debug|iPhone.Build.0 = Debug|iPhone
		{EC2036C1-7887-4C1B-8BB4-385C65AC3D4C}.Debug|iPhone.Deploy.0 = Debug|iPhone
		{EC2036C1-7887-4C1B-8BB4-385C65AC3D4C}.Debug|iPhoneSimulator.ActiveCfg = Debug|iPhoneSimulator
		{EC2036C1-7887-4C1B-8BB4-385C65AC3D4C}.Debug|iPhoneSimulator.Build.0 = Debug|iPhoneSimulator
		{EC2036C1-7887-4C1B-8BB4-385C65AC3D4C}.Debug|iPhoneSimulator.Deploy.0 = Debug|iPhoneSimulator
		{EC2036C1-7887-4C1B-8BB4-385C65AC3D4C}.Release|Any CPU.ActiveCfg = Release|iPhone
		{EC2036C1-7887-4C1B-8BB4-385C65AC3D4C}.Release|Any CPU.Build.0 = Release|iPhone
		{EC2036C1-7887-4C1B-8BB4-385C65AC3D4C}.Release|Any CPU.Deploy.0 = Release|iPhone
		{EC2036C1-7887-4C1B-8BB4-385C65AC3D4C}.Release|iPhone.ActiveCfg = Release|iPhone
		{EC2036C1-7887-4C1B-8BB4-385C65AC3D4C}.Release|iPhone.Build.0 = Release|iPhone
		{EC2036C1-7887-4C1B-8BB4-385C65AC3D4C}.Release|iPhone.Deploy.0 = Release|iPhone
		{EC2036C1-7887-4C1B-8BB4-385C65AC3D4C}.Release|iPhoneSimulator.ActiveCfg = Release|iPhoneSimulator
		{EC2036C1-7887-4C1B-8BB4-385C65AC3D4C}.Release|iPhoneSimulator.Build.0 = Release|iPhoneSimulator
		{EC2036C1-7887-4C1B-8BB4-385C65AC3D4C}.Release|iPhoneSimulator.Deploy.0 = Release|iPhoneSimulator
		{6B63021F-82A7-41C2-AAA4-68798B04DB0A}.Debug|Any CPU.ActiveCfg = Debug|Any CPU
		{6B63021F-82A7-41C2-AAA4-68798B04DB0A}.Debug|Any CPU.Build.0 = Debug|Any CPU
		{6B63021F-82A7-41C2-AAA4-68798B04DB0A}.Debug|Any CPU.Deploy.0 = Debug|Any CPU
		{6B63021F-82A7-41C2-AAA4-68798B04DB0A}.Debug|iPhone.ActiveCfg = Debug|Any CPU
		{6B63021F-82A7-41C2-AAA4-68798B04DB0A}.Debug|iPhone.Build.0 = Debug|Any CPU
		{6B63021F-82A7-41C2-AAA4-68798B04DB0A}.Debug|iPhone.Deploy.0 = Debug|Any CPU
		{6B63021F-82A7-41C2-AAA4-68798B04DB0A}.Debug|iPhoneSimulator.ActiveCfg = Debug|Any CPU
		{6B63021F-82A7-41C2-AAA4-68798B04DB0A}.Debug|iPhoneSimulator.Build.0 = Debug|Any CPU
		{6B63021F-82A7-41C2-AAA4-68798B04DB0A}.Debug|iPhoneSimulator.Deploy.0 = Debug|Any CPU
		{6B63021F-82A7-41C2-AAA4-68798B04DB0A}.Release|Any CPU.ActiveCfg = Release|Any CPU
		{6B63021F-82A7-41C2-AAA4-68798B04DB0A}.Release|Any CPU.Build.0 = Release|Any CPU
		{6B63021F-82A7-41C2-AAA4-68798B04DB0A}.Release|Any CPU.Deploy.0 = Release|Any CPU
		{6B63021F-82A7-41C2-AAA4-68798B04DB0A}.Release|iPhone.ActiveCfg = Release|Any CPU
		{6B63021F-82A7-41C2-AAA4-68798B04DB0A}.Release|iPhone.Build.0 = Release|Any CPU
		{6B63021F-82A7-41C2-AAA4-68798B04DB0A}.Release|iPhone.Deploy.0 = Release|Any CPU
		{6B63021F-82A7-41C2-AAA4-68798B04DB0A}.Release|iPhoneSimulator.ActiveCfg = Release|Any CPU
		{6B63021F-82A7-41C2-AAA4-68798B04DB0A}.Release|iPhoneSimulator.Build.0 = Release|Any CPU
		{6B63021F-82A7-41C2-AAA4-68798B04DB0A}.Release|iPhoneSimulator.Deploy.0 = Release|Any CPU
		{F47EB190-73E6-4FBB-81B0-3261A31FB6AF}.Debug|Any CPU.ActiveCfg = Debug|Any CPU
		{F47EB190-73E6-4FBB-81B0-3261A31FB6AF}.Debug|Any CPU.Build.0 = Debug|Any CPU
		{F47EB190-73E6-4FBB-81B0-3261A31FB6AF}.Debug|iPhone.ActiveCfg = Debug|Any CPU
		{F47EB190-73E6-4FBB-81B0-3261A31FB6AF}.Debug|iPhone.Build.0 = Debug|Any CPU
		{F47EB190-73E6-4FBB-81B0-3261A31FB6AF}.Debug|iPhoneSimulator.ActiveCfg = Debug|Any CPU
		{F47EB190-73E6-4FBB-81B0-3261A31FB6AF}.Debug|iPhoneSimulator.Build.0 = Debug|Any CPU
		{F47EB190-73E6-4FBB-81B0-3261A31FB6AF}.Release|Any CPU.ActiveCfg = Release|Any CPU
		{F47EB190-73E6-4FBB-81B0-3261A31FB6AF}.Release|Any CPU.Build.0 = Release|Any CPU
		{F47EB190-73E6-4FBB-81B0-3261A31FB6AF}.Release|iPhone.ActiveCfg = Release|Any CPU
		{F47EB190-73E6-4FBB-81B0-3261A31FB6AF}.Release|iPhone.Build.0 = Release|Any CPU
		{F47EB190-73E6-4FBB-81B0-3261A31FB6AF}.Release|iPhoneSimulator.ActiveCfg = Release|Any CPU
		{F47EB190-73E6-4FBB-81B0-3261A31FB6AF}.Release|iPhoneSimulator.Build.0 = Release|Any CPU
	EndGlobalSection
	GlobalSection(SolutionProperties) = preSolution
		HideSolutionNode = FALSE
	EndGlobalSection
	GlobalSection(ExtensibilityGlobals) = postSolution
		SolutionGuid = {01089630-CFF5-4922-B5EF-A5825D3A5E16}
	EndGlobalSection
EndGlobal
